// !$*UTF8*$!
{
	archiveVersion = 1;
	classes = {
	};
	objectVersion = 56;
	objects = {

/* Begin PBXBuildFile section */
		719A59642B3532F900E0524F /* CoinsViewModel.swift in Sources */ = {isa = PBXBuildFile; fileRef = 719A59462B3532F900E0524F /* CoinsViewModel.swift */; };
		719A59652B3532F900E0524F /* Coin.swift in Sources */ = {isa = PBXBuildFile; fileRef = 719A59482B3532F900E0524F /* Coin.swift */; };
		719A59662B3532F900E0524F /* CoinAPIError.swift in Sources */ = {isa = PBXBuildFile; fileRef = 719A59492B3532F900E0524F /* CoinAPIError.swift */; };
		719A59672B3532F900E0524F /* ContentView.swift in Sources */ = {isa = PBXBuildFile; fileRef = 719A594B2B3532F900E0524F /* ContentView.swift */; };
		719A59682B3532F900E0524F /* CoinDataService.swift in Sources */ = {isa = PBXBuildFile; fileRef = 719A594D2B3532F900E0524F /* CoinDataService.swift */; };
		719A59692B3532F900E0524F /* MockCoinService.swift in Sources */ = {isa = PBXBuildFile; fileRef = 719A594E2B3532F900E0524F /* MockCoinService.swift */; };
		719A596A2B3532F900E0524F /* CoinDetailsViewModel.swift in Sources */ = {isa = PBXBuildFile; fileRef = 719A59512B3532F900E0524F /* CoinDetailsViewModel.swift */; };
		719A596B2B3532F900E0524F /* CoinDetailsCache.swift in Sources */ = {isa = PBXBuildFile; fileRef = 719A59532B3532F900E0524F /* CoinDetailsCache.swift */; };
		719A596C2B3532F900E0524F /* CoinDetails.swift in Sources */ = {isa = PBXBuildFile; fileRef = 719A59552B3532F900E0524F /* CoinDetails.swift */; };
		719A596D2B3532F900E0524F /* CoinDetailsView.swift in Sources */ = {isa = PBXBuildFile; fileRef = 719A59572B3532F900E0524F /* CoinDetailsView.swift */; };
		719A596E2B3532F900E0524F /* CoinInfoApp.swift in Sources */ = {isa = PBXBuildFile; fileRef = 719A59592B3532F900E0524F /* CoinInfoApp.swift */; };
		719A596F2B3532F900E0524F /* Assets.xcassets in Resources */ = {isa = PBXBuildFile; fileRef = 719A595A2B3532F900E0524F /* Assets.xcassets */; };
		719A59702B3532F900E0524F /* ImageCache.swift in Sources */ = {isa = PBXBuildFile; fileRef = 719A595D2B3532F900E0524F /* ImageCache.swift */; };
		719A59712B3532F900E0524F /* ImageLoader.swift in Sources */ = {isa = PBXBuildFile; fileRef = 719A595E2B3532F900E0524F /* ImageLoader.swift */; };
		719A59722B3532F900E0524F /* CoinImageView.swift in Sources */ = {isa = PBXBuildFile; fileRef = 719A595F2B3532F900E0524F /* CoinImageView.swift */; };
		719A59732B3532F900E0524F /* HTTPDataDownloader.swift in Sources */ = {isa = PBXBuildFile; fileRef = 719A59612B3532F900E0524F /* HTTPDataDownloader.swift */; };
		719A59742B3532F900E0524F /* Preview Assets.xcassets in Resources */ = {isa = PBXBuildFile; fileRef = 719A59632B3532F900E0524F /* Preview Assets.xcassets */; };
		71FFDDFB2AF96E79003491BC /* CoinInfoTests.swift in Sources */ = {isa = PBXBuildFile; fileRef = 71FFDDFA2AF96E79003491BC /* CoinInfoTests.swift */; };
		71FFDE022AF98048003491BC /* TestData.swift in Sources */ = {isa = PBXBuildFile; fileRef = 71FFDE012AF98048003491BC /* TestData.swift */; };
		71FFDE042AF98906003491BC /* CoinsViewModelTests.swift in Sources */ = {isa = PBXBuildFile; fileRef = 71FFDE032AF98906003491BC /* CoinsViewModelTests.swift */; };
		71FFDE052AF98CCB003491BC /* TestData.swift in Sources */ = {isa = PBXBuildFile; fileRef = 71FFDE012AF98048003491BC /* TestData.swift */; };
/* End PBXBuildFile section */

/* Begin PBXContainerItemProxy section */
		71FFDDFC2AF96E79003491BC /* PBXContainerItemProxy */ = {
			isa = PBXContainerItemProxy;
			containerPortal = 714E23582AEA10840082DC0C /* Project object */;
			proxyType = 1;
			remoteGlobalIDString = 714E235F2AEA10840082DC0C;
			remoteInfo = NetworkingTutorial;
		};
/* End PBXContainerItemProxy section */

/* Begin PBXFileReference section */
		714E23602AEA10840082DC0C /* CoinInfo.app */ = {isa = PBXFileReference; explicitFileType = wrapper.application; includeInIndex = 0; path = CoinInfo.app; sourceTree = BUILT_PRODUCTS_DIR; };
		719A59462B3532F900E0524F /* CoinsViewModel.swift */ = {isa = PBXFileReference; fileEncoding = 4; lastKnownFileType = sourcecode.swift; path = CoinsViewModel.swift; sourceTree = "<group>"; };
		719A59482B3532F900E0524F /* Coin.swift */ = {isa = PBXFileReference; fileEncoding = 4; lastKnownFileType = sourcecode.swift; path = Coin.swift; sourceTree = "<group>"; };
		719A59492B3532F900E0524F /* CoinAPIError.swift */ = {isa = PBXFileReference; fileEncoding = 4; lastKnownFileType = sourcecode.swift; path = CoinAPIError.swift; sourceTree = "<group>"; };
		719A594B2B3532F900E0524F /* ContentView.swift */ = {isa = PBXFileReference; fileEncoding = 4; lastKnownFileType = sourcecode.swift; path = ContentView.swift; sourceTree = "<group>"; };
		719A594D2B3532F900E0524F /* CoinDataService.swift */ = {isa = PBXFileReference; fileEncoding = 4; lastKnownFileType = sourcecode.swift; path = CoinDataService.swift; sourceTree = "<group>"; };
		719A594E2B3532F900E0524F /* MockCoinService.swift */ = {isa = PBXFileReference; fileEncoding = 4; lastKnownFileType = sourcecode.swift; path = MockCoinService.swift; sourceTree = "<group>"; };
		719A59512B3532F900E0524F /* CoinDetailsViewModel.swift */ = {isa = PBXFileReference; fileEncoding = 4; lastKnownFileType = sourcecode.swift; path = CoinDetailsViewModel.swift; sourceTree = "<group>"; };
		719A59532B3532F900E0524F /* CoinDetailsCache.swift */ = {isa = PBXFileReference; fileEncoding = 4; lastKnownFileType = sourcecode.swift; path = CoinDetailsCache.swift; sourceTree = "<group>"; };
		719A59552B3532F900E0524F /* CoinDetails.swift */ = {isa = PBXFileReference; fileEncoding = 4; lastKnownFileType = sourcecode.swift; path = CoinDetails.swift; sourceTree = "<group>"; };
		719A59572B3532F900E0524F /* CoinDetailsView.swift */ = {isa = PBXFileReference; fileEncoding = 4; lastKnownFileType = sourcecode.swift; path = CoinDetailsView.swift; sourceTree = "<group>"; };
		719A59592B3532F900E0524F /* CoinInfoApp.swift */ = {isa = PBXFileReference; fileEncoding = 4; lastKnownFileType = sourcecode.swift; path = CoinInfoApp.swift; sourceTree = "<group>"; };
		719A595A2B3532F900E0524F /* Assets.xcassets */ = {isa = PBXFileReference; lastKnownFileType = folder.assetcatalog; path = Assets.xcassets; sourceTree = "<group>"; };
		719A595D2B3532F900E0524F /* ImageCache.swift */ = {isa = PBXFileReference; fileEncoding = 4; lastKnownFileType = sourcecode.swift; path = ImageCache.swift; sourceTree = "<group>"; };
		719A595E2B3532F900E0524F /* ImageLoader.swift */ = {isa = PBXFileReference; fileEncoding = 4; lastKnownFileType = sourcecode.swift; path = ImageLoader.swift; sourceTree = "<group>"; };
		719A595F2B3532F900E0524F /* CoinImageView.swift */ = {isa = PBXFileReference; fileEncoding = 4; lastKnownFileType = sourcecode.swift; path = CoinImageView.swift; sourceTree = "<group>"; };
		719A59612B3532F900E0524F /* HTTPDataDownloader.swift */ = {isa = PBXFileReference; fileEncoding = 4; lastKnownFileType = sourcecode.swift; path = HTTPDataDownloader.swift; sourceTree = "<group>"; };
		719A59632B3532F900E0524F /* Preview Assets.xcassets */ = {isa = PBXFileReference; lastKnownFileType = folder.assetcatalog; path = "Preview Assets.xcassets"; sourceTree = "<group>"; };
		71FFDDF82AF96E79003491BC /* CoinInfoTests.xctest */ = {isa = PBXFileReference; explicitFileType = wrapper.cfbundle; includeInIndex = 0; path = CoinInfoTests.xctest; sourceTree = BUILT_PRODUCTS_DIR; };
		71FFDDFA2AF96E79003491BC /* CoinInfoTests.swift */ = {isa = PBXFileReference; lastKnownFileType = sourcecode.swift; path = CoinInfoTests.swift; sourceTree = "<group>"; };
		71FFDE012AF98048003491BC /* TestData.swift */ = {isa = PBXFileReference; lastKnownFileType = sourcecode.swift; path = TestData.swift; sourceTree = "<group>"; };
		71FFDE032AF98906003491BC /* CoinsViewModelTests.swift */ = {isa = PBXFileReference; lastKnownFileType = sourcecode.swift; path = CoinsViewModelTests.swift; sourceTree = "<group>"; };
/* End PBXFileReference section */

/* Begin PBXFrameworksBuildPhase section */
		714E235D2AEA10840082DC0C /* Frameworks */ = {
			isa = PBXFrameworksBuildPhase;
			buildActionMask = 2147483647;
			files = (
			);
			runOnlyForDeploymentPostprocessing = 0;
		};
		71FFDDF52AF96E79003491BC /* Frameworks */ = {
			isa = PBXFrameworksBuildPhase;
			buildActionMask = 2147483647;
			files = (
			);
			runOnlyForDeploymentPostprocessing = 0;
		};
/* End PBXFrameworksBuildPhase section */

/* Begin PBXGroup section */
		714E23572AEA10840082DC0C = {
			isa = PBXGroup;
			children = (
				719A59422B3532F900E0524F /* CoinInfo */,
				71FFDDF92AF96E79003491BC /* CoinInfoTests */,
				714E23612AEA10840082DC0C /* Products */,
			);
			sourceTree = "<group>";
		};
		714E23612AEA10840082DC0C /* Products */ = {
			isa = PBXGroup;
			children = (
				714E23602AEA10840082DC0C /* CoinInfo.app */,
				71FFDDF82AF96E79003491BC /* CoinInfoTests.xctest */,
			);
			name = Products;
			sourceTree = "<group>";
		};
		719A59422B3532F900E0524F /* CoinInfo */ = {
			isa = PBXGroup;
			children = (
				719A59432B3532F900E0524F /* Core */,
				719A59582B3532F900E0524F /* App */,
				719A595A2B3532F900E0524F /* Assets.xcassets */,
				719A595B2B3532F900E0524F /* Shared */,
				719A59622B3532F900E0524F /* Preview Content */,
			);
			path = CoinInfo;
			sourceTree = "<group>";
		};
		719A59432B3532F900E0524F /* Core */ = {
			isa = PBXGroup;
			children = (
				719A59442B3532F900E0524F /* AllCoins */,
				719A594C2B3532F900E0524F /* Service */,
				719A594F2B3532F900E0524F /* CoinDetails */,
			);
			path = Core;
			sourceTree = "<group>";
		};
		719A59442B3532F900E0524F /* AllCoins */ = {
			isa = PBXGroup;
			children = (
				719A59452B3532F900E0524F /* ViewModel */,
				719A59472B3532F900E0524F /* Model */,
				719A594A2B3532F900E0524F /* View */,
			);
			path = AllCoins;
			sourceTree = "<group>";
		};
		719A59452B3532F900E0524F /* ViewModel */ = {
			isa = PBXGroup;
			children = (
				719A59462B3532F900E0524F /* CoinsViewModel.swift */,
			);
			path = ViewModel;
			sourceTree = "<group>";
		};
		719A59472B3532F900E0524F /* Model */ = {
			isa = PBXGroup;
			children = (
				719A59482B3532F900E0524F /* Coin.swift */,
				719A59492B3532F900E0524F /* CoinAPIError.swift */,
			);
			path = Model;
			sourceTree = "<group>";
		};
		719A594A2B3532F900E0524F /* View */ = {
			isa = PBXGroup;
			children = (
				719A594B2B3532F900E0524F /* ContentView.swift */,
			);
			path = View;
			sourceTree = "<group>";
		};
		719A594C2B3532F900E0524F /* Service */ = {
			isa = PBXGroup;
			children = (
				719A594D2B3532F900E0524F /* CoinDataService.swift */,
				719A594E2B3532F900E0524F /* MockCoinService.swift */,
			);
			path = Service;
			sourceTree = "<group>";
		};
		719A594F2B3532F900E0524F /* CoinDetails */ = {
			isa = PBXGroup;
			children = (
				719A59502B3532F900E0524F /* ViewModel */,
				719A59522B3532F900E0524F /* Cache */,
				719A59542B3532F900E0524F /* Model */,
				719A59562B3532F900E0524F /* Views */,
			);
			path = CoinDetails;
			sourceTree = "<group>";
		};
		719A59502B3532F900E0524F /* ViewModel */ = {
			isa = PBXGroup;
			children = (
				719A59512B3532F900E0524F /* CoinDetailsViewModel.swift */,
			);
			path = ViewModel;
			sourceTree = "<group>";
		};
		719A59522B3532F900E0524F /* Cache */ = {
			isa = PBXGroup;
			children = (
				719A59532B3532F900E0524F /* CoinDetailsCache.swift */,
			);
			path = Cache;
			sourceTree = "<group>";
		};
		719A59542B3532F900E0524F /* Model */ = {
			isa = PBXGroup;
			children = (
				719A59552B3532F900E0524F /* CoinDetails.swift */,
			);
			path = Model;
			sourceTree = "<group>";
		};
		719A59562B3532F900E0524F /* Views */ = {
			isa = PBXGroup;
			children = (
				719A59572B3532F900E0524F /* CoinDetailsView.swift */,
			);
			path = Views;
			sourceTree = "<group>";
		};
		719A59582B3532F900E0524F /* App */ = {
			isa = PBXGroup;
			children = (
				719A59592B3532F900E0524F /* CoinInfoApp.swift */,
			);
			path = App;
			sourceTree = "<group>";
		};
		719A595B2B3532F900E0524F /* Shared */ = {
			isa = PBXGroup;
			children = (
				719A595C2B3532F900E0524F /* Images */,
				719A59602B3532F900E0524F /* API */,
			);
			path = Shared;
			sourceTree = "<group>";
		};
		719A595C2B3532F900E0524F /* Images */ = {
			isa = PBXGroup;
			children = (
				719A595D2B3532F900E0524F /* ImageCache.swift */,
				719A595E2B3532F900E0524F /* ImageLoader.swift */,
				719A595F2B3532F900E0524F /* CoinImageView.swift */,
			);
			path = Images;
			sourceTree = "<group>";
		};
		719A59602B3532F900E0524F /* API */ = {
			isa = PBXGroup;
			children = (
				719A59612B3532F900E0524F /* HTTPDataDownloader.swift */,
			);
			path = API;
			sourceTree = "<group>";
		};
		719A59622B3532F900E0524F /* Preview Content */ = {
			isa = PBXGroup;
			children = (
				719A59632B3532F900E0524F /* Preview Assets.xcassets */,
			);
			path = "Preview Content";
			sourceTree = "<group>";
		};
		71FFDDF92AF96E79003491BC /* CoinInfoTests */ = {
			isa = PBXGroup;
			children = (
				71FFDDFA2AF96E79003491BC /* CoinInfoTests.swift */,
				71FFDE012AF98048003491BC /* TestData.swift */,
				71FFDE032AF98906003491BC /* CoinsViewModelTests.swift */,
			);
			path = CoinInfoTests;
			sourceTree = "<group>";
		};
/* End PBXGroup section */

/* Begin PBXNativeTarget section */
		714E235F2AEA10840082DC0C /* CoinInfo */ = {
			isa = PBXNativeTarget;
			buildConfigurationList = 714E236E2AEA10880082DC0C /* Build configuration list for PBXNativeTarget "CoinInfo" */;
			buildPhases = (
				714E235C2AEA10840082DC0C /* Sources */,
				714E235D2AEA10840082DC0C /* Frameworks */,
				714E235E2AEA10840082DC0C /* Resources */,
			);
			buildRules = (
			);
			dependencies = (
			);
			name = CoinInfo;
			productName = NetworkingTutorial;
			productReference = 714E23602AEA10840082DC0C /* CoinInfo.app */;
			productType = "com.apple.product-type.application";
		};
		71FFDDF72AF96E79003491BC /* CoinInfoTests */ = {
			isa = PBXNativeTarget;
			buildConfigurationList = 71FFDE002AF96E79003491BC /* Build configuration list for PBXNativeTarget "CoinInfoTests" */;
			buildPhases = (
				71FFDDF42AF96E79003491BC /* Sources */,
				71FFDDF52AF96E79003491BC /* Frameworks */,
				71FFDDF62AF96E79003491BC /* Resources */,
			);
			buildRules = (
			);
			dependencies = (
				71FFDDFD2AF96E79003491BC /* PBXTargetDependency */,
			);
			name = CoinInfoTests;
			productName = NetworkingTutorialTests;
			productReference = 71FFDDF82AF96E79003491BC /* CoinInfoTests.xctest */;
			productType = "com.apple.product-type.bundle.unit-test";
		};
/* End PBXNativeTarget section */

/* Begin PBXProject section */
		714E23582AEA10840082DC0C /* Project object */ = {
			isa = PBXProject;
			attributes = {
				BuildIndependentTargetsInParallel = 1;
				LastSwiftUpdateCheck = 1500;
				LastUpgradeCheck = 1500;
				TargetAttributes = {
					714E235F2AEA10840082DC0C = {
						CreatedOnToolsVersion = 15.0.1;
					};
					71FFDDF72AF96E79003491BC = {
						CreatedOnToolsVersion = 15.0.1;
						TestTargetID = 714E235F2AEA10840082DC0C;
					};
				};
			};
			buildConfigurationList = 714E235B2AEA10840082DC0C /* Build configuration list for PBXProject "CoinInfo" */;
			compatibilityVersion = "Xcode 14.0";
			developmentRegion = en;
			hasScannedForEncodings = 0;
			knownRegions = (
				en,
				Base,
			);
			mainGroup = 714E23572AEA10840082DC0C;
			productRefGroup = 714E23612AEA10840082DC0C /* Products */;
			projectDirPath = "";
			projectRoot = "";
			targets = (
				714E235F2AEA10840082DC0C /* CoinInfo */,
				71FFDDF72AF96E79003491BC /* CoinInfoTests */,
			);
		};
/* End PBXProject section */

/* Begin PBXResourcesBuildPhase section */
		714E235E2AEA10840082DC0C /* Resources */ = {
			isa = PBXResourcesBuildPhase;
			buildActionMask = 2147483647;
			files = (
				719A59742B3532F900E0524F /* Preview Assets.xcassets in Resources */,
				719A596F2B3532F900E0524F /* Assets.xcassets in Resources */,
			);
			runOnlyForDeploymentPostprocessing = 0;
		};
		71FFDDF62AF96E79003491BC /* Resources */ = {
			isa = PBXResourcesBuildPhase;
			buildActionMask = 2147483647;
			files = (
			);
			runOnlyForDeploymentPostprocessing = 0;
		};
/* End PBXResourcesBuildPhase section */

/* Begin PBXSourcesBuildPhase section */
		714E235C2AEA10840082DC0C /* Sources */ = {
			isa = PBXSourcesBuildPhase;
			buildActionMask = 2147483647;
			files = (
				719A59712B3532F900E0524F /* ImageLoader.swift in Sources */,
				719A596A2B3532F900E0524F /* CoinDetailsViewModel.swift in Sources */,
				719A59702B3532F900E0524F /* ImageCache.swift in Sources */,
				719A59682B3532F900E0524F /* CoinDataService.swift in Sources */,
				719A59652B3532F900E0524F /* Coin.swift in Sources */,
				719A59672B3532F900E0524F /* ContentView.swift in Sources */,
				71FFDE052AF98CCB003491BC /* TestData.swift in Sources */,
				719A59692B3532F900E0524F /* MockCoinService.swift in Sources */,
				719A596E2B3532F900E0524F /* CoinInfoApp.swift in Sources */,
				719A596B2B3532F900E0524F /* CoinDetailsCache.swift in Sources */,
				719A59662B3532F900E0524F /* CoinAPIError.swift in Sources */,
				719A59722B3532F900E0524F /* CoinImageView.swift in Sources */,
				719A59732B3532F900E0524F /* HTTPDataDownloader.swift in Sources */,
				719A596D2B3532F900E0524F /* CoinDetailsView.swift in Sources */,
				719A59642B3532F900E0524F /* CoinsViewModel.swift in Sources */,
				719A596C2B3532F900E0524F /* CoinDetails.swift in Sources */,
			);
			runOnlyForDeploymentPostprocessing = 0;
		};
		71FFDDF42AF96E79003491BC /* Sources */ = {
			isa = PBXSourcesBuildPhase;
			buildActionMask = 2147483647;
			files = (
				71FFDE042AF98906003491BC /* CoinsViewModelTests.swift in Sources */,
				71FFDDFB2AF96E79003491BC /* CoinInfoTests.swift in Sources */,
				71FFDE022AF98048003491BC /* TestData.swift in Sources */,
			);
			runOnlyForDeploymentPostprocessing = 0;
		};
/* End PBXSourcesBuildPhase section */

/* Begin PBXTargetDependency section */
		71FFDDFD2AF96E79003491BC /* PBXTargetDependency */ = {
			isa = PBXTargetDependency;
			target = 714E235F2AEA10840082DC0C /* CoinInfo */;
			targetProxy = 71FFDDFC2AF96E79003491BC /* PBXContainerItemProxy */;
		};
/* End PBXTargetDependency section */

/* Begin XCBuildConfiguration section */
		714E236C2AEA10880082DC0C /* Debug */ = {
			isa = XCBuildConfiguration;
			buildSettings = {
				ALWAYS_SEARCH_USER_PATHS = NO;
				ASSETCATALOG_COMPILER_GENERATE_SWIFT_ASSET_SYMBOL_EXTENSIONS = YES;
				CLANG_ANALYZER_NONNULL = YES;
				CLANG_ANALYZER_NUMBER_OBJECT_CONVERSION = YES_AGGRESSIVE;
				CLANG_CXX_LANGUAGE_STANDARD = "gnu++20";
				CLANG_ENABLE_MODULES = YES;
				CLANG_ENABLE_OBJC_ARC = YES;
				CLANG_ENABLE_OBJC_WEAK = YES;
				CLANG_WARN_BLOCK_CAPTURE_AUTORELEASING = YES;
				CLANG_WARN_BOOL_CONVERSION = YES;
				CLANG_WARN_COMMA = YES;
				CLANG_WARN_CONSTANT_CONVERSION = YES;
				CLANG_WARN_DEPRECATED_OBJC_IMPLEMENTATIONS = YES;
				CLANG_WARN_DIRECT_OBJC_ISA_USAGE = YES_ERROR;
				CLANG_WARN_DOCUMENTATION_COMMENTS = YES;
				CLANG_WARN_EMPTY_BODY = YES;
				CLANG_WARN_ENUM_CONVERSION = YES;
				CLANG_WARN_INFINITE_RECURSION = YES;
				CLANG_WARN_INT_CONVERSION = YES;
				CLANG_WARN_NON_LITERAL_NULL_CONVERSION = YES;
				CLANG_WARN_OBJC_IMPLICIT_RETAIN_SELF = YES;
				CLANG_WARN_OBJC_LITERAL_CONVERSION = YES;
				CLANG_WARN_OBJC_ROOT_CLASS = YES_ERROR;
				CLANG_WARN_QUOTED_INCLUDE_IN_FRAMEWORK_HEADER = YES;
				CLANG_WARN_RANGE_LOOP_ANALYSIS = YES;
				CLANG_WARN_STRICT_PROTOTYPES = YES;
				CLANG_WARN_SUSPICIOUS_MOVE = YES;
				CLANG_WARN_UNGUARDED_AVAILABILITY = YES_AGGRESSIVE;
				CLANG_WARN_UNREACHABLE_CODE = YES;
				CLANG_WARN__DUPLICATE_METHOD_MATCH = YES;
				COPY_PHASE_STRIP = NO;
				DEBUG_INFORMATION_FORMAT = dwarf;
				ENABLE_STRICT_OBJC_MSGSEND = YES;
				ENABLE_TESTABILITY = YES;
				ENABLE_USER_SCRIPT_SANDBOXING = YES;
				GCC_C_LANGUAGE_STANDARD = gnu17;
				GCC_DYNAMIC_NO_PIC = NO;
				GCC_NO_COMMON_BLOCKS = YES;
				GCC_OPTIMIZATION_LEVEL = 0;
				GCC_PREPROCESSOR_DEFINITIONS = (
					"DEBUG=1",
					"$(inherited)",
				);
				GCC_WARN_64_TO_32_BIT_CONVERSION = YES;
				GCC_WARN_ABOUT_RETURN_TYPE = YES_ERROR;
				GCC_WARN_UNDECLARED_SELECTOR = YES;
				GCC_WARN_UNINITIALIZED_AUTOS = YES_AGGRESSIVE;
				GCC_WARN_UNUSED_FUNCTION = YES;
				GCC_WARN_UNUSED_VARIABLE = YES;
				IPHONEOS_DEPLOYMENT_TARGET = 17.0;
				LOCALIZATION_PREFERS_STRING_CATALOGS = YES;
				MTL_ENABLE_DEBUG_INFO = INCLUDE_SOURCE;
				MTL_FAST_MATH = YES;
				ONLY_ACTIVE_ARCH = YES;
				SDKROOT = iphoneos;
				SWIFT_ACTIVE_COMPILATION_CONDITIONS = "DEBUG $(inherited)";
				SWIFT_OPTIMIZATION_LEVEL = "-Onone";
			};
			name = Debug;
		};
		714E236D2AEA10880082DC0C /* Release */ = {
			isa = XCBuildConfiguration;
			buildSettings = {
				ALWAYS_SEARCH_USER_PATHS = NO;
				ASSETCATALOG_COMPILER_GENERATE_SWIFT_ASSET_SYMBOL_EXTENSIONS = YES;
				CLANG_ANALYZER_NONNULL = YES;
				CLANG_ANALYZER_NUMBER_OBJECT_CONVERSION = YES_AGGRESSIVE;
				CLANG_CXX_LANGUAGE_STANDARD = "gnu++20";
				CLANG_ENABLE_MODULES = YES;
				CLANG_ENABLE_OBJC_ARC = YES;
				CLANG_ENABLE_OBJC_WEAK = YES;
				CLANG_WARN_BLOCK_CAPTURE_AUTORELEASING = YES;
				CLANG_WARN_BOOL_CONVERSION = YES;
				CLANG_WARN_COMMA = YES;
				CLANG_WARN_CONSTANT_CONVERSION = YES;
				CLANG_WARN_DEPRECATED_OBJC_IMPLEMENTATIONS = YES;
				CLANG_WARN_DIRECT_OBJC_ISA_USAGE = YES_ERROR;
				CLANG_WARN_DOCUMENTATION_COMMENTS = YES;
				CLANG_WARN_EMPTY_BODY = YES;
				CLANG_WARN_ENUM_CONVERSION = YES;
				CLANG_WARN_INFINITE_RECURSION = YES;
				CLANG_WARN_INT_CONVERSION = YES;
				CLANG_WARN_NON_LITERAL_NULL_CONVERSION = YES;
				CLANG_WARN_OBJC_IMPLICIT_RETAIN_SELF = YES;
				CLANG_WARN_OBJC_LITERAL_CONVERSION = YES;
				CLANG_WARN_OBJC_ROOT_CLASS = YES_ERROR;
				CLANG_WARN_QUOTED_INCLUDE_IN_FRAMEWORK_HEADER = YES;
				CLANG_WARN_RANGE_LOOP_ANALYSIS = YES;
				CLANG_WARN_STRICT_PROTOTYPES = YES;
				CLANG_WARN_SUSPICIOUS_MOVE = YES;
				CLANG_WARN_UNGUARDED_AVAILABILITY = YES_AGGRESSIVE;
				CLANG_WARN_UNREACHABLE_CODE = YES;
				CLANG_WARN__DUPLICATE_METHOD_MATCH = YES;
				COPY_PHASE_STRIP = NO;
				DEBUG_INFORMATION_FORMAT = "dwarf-with-dsym";
				ENABLE_NS_ASSERTIONS = NO;
				ENABLE_STRICT_OBJC_MSGSEND = YES;
				ENABLE_USER_SCRIPT_SANDBOXING = YES;
				GCC_C_LANGUAGE_STANDARD = gnu17;
				GCC_NO_COMMON_BLOCKS = YES;
				GCC_WARN_64_TO_32_BIT_CONVERSION = YES;
				GCC_WARN_ABOUT_RETURN_TYPE = YES_ERROR;
				GCC_WARN_UNDECLARED_SELECTOR = YES;
				GCC_WARN_UNINITIALIZED_AUTOS = YES_AGGRESSIVE;
				GCC_WARN_UNUSED_FUNCTION = YES;
				GCC_WARN_UNUSED_VARIABLE = YES;
				IPHONEOS_DEPLOYMENT_TARGET = 17.0;
				LOCALIZATION_PREFERS_STRING_CATALOGS = YES;
				MTL_ENABLE_DEBUG_INFO = NO;
				MTL_FAST_MATH = YES;
				SDKROOT = iphoneos;
				SWIFT_COMPILATION_MODE = wholemodule;
				VALIDATE_PRODUCT = YES;
			};
			name = Release;
		};
		714E236F2AEA10880082DC0C /* Debug */ = {
			isa = XCBuildConfiguration;
			buildSettings = {
				ASSETCATALOG_COMPILER_APPICON_NAME = AppIcon;
				ASSETCATALOG_COMPILER_GLOBAL_ACCENT_COLOR_NAME = AccentColor;
				CODE_SIGN_STYLE = Automatic;
				CURRENT_PROJECT_VERSION = 1;
				DEVELOPMENT_ASSET_PATHS = "\"CoinInfo/Preview Content\"";
				DEVELOPMENT_TEAM = 7VM5MRXF6F;
				ENABLE_PREVIEWS = YES;
				GENERATE_INFOPLIST_FILE = YES;
				INFOPLIST_KEY_CFBundleDisplayName = CoinInfo;
				INFOPLIST_KEY_LSApplicationCategoryType = "public.app-category.reference";
				INFOPLIST_KEY_UIApplicationSceneManifest_Generation = YES;
				INFOPLIST_KEY_UIApplicationSupportsIndirectInputEvents = YES;
				INFOPLIST_KEY_UILaunchScreen_Generation = YES;
				INFOPLIST_KEY_UISupportedInterfaceOrientations_iPad = "UIInterfaceOrientationPortrait UIInterfaceOrientationPortraitUpsideDown UIInterfaceOrientationLandscapeLeft UIInterfaceOrientationLandscapeRight";
				INFOPLIST_KEY_UISupportedInterfaceOrientations_iPhone = "UIInterfaceOrientationPortrait UIInterfaceOrientationLandscapeLeft UIInterfaceOrientationLandscapeRight";
				LD_RUNPATH_SEARCH_PATHS = (
					"$(inherited)",
					"@executable_path/Frameworks",
				);
				MARKETING_VERSION = 1.0;
				PRODUCT_BUNDLE_IDENTIFIER = me.lewis.danielle.NetworkingTutorial;
				PRODUCT_NAME = "$(TARGET_NAME)";
				SWIFT_EMIT_LOC_STRINGS = YES;
				SWIFT_VERSION = 5.0;
				TARGETED_DEVICE_FAMILY = "1,2";
			};
			name = Debug;
		};
		714E23702AEA10880082DC0C /* Release */ = {
			isa = XCBuildConfiguration;
			buildSettings = {
				ASSETCATALOG_COMPILER_APPICON_NAME = AppIcon;
				ASSETCATALOG_COMPILER_GLOBAL_ACCENT_COLOR_NAME = AccentColor;
				CODE_SIGN_STYLE = Automatic;
				CURRENT_PROJECT_VERSION = 1;
				DEVELOPMENT_ASSET_PATHS = "\"CoinInfo/Preview Content\"";
				DEVELOPMENT_TEAM = 7VM5MRXF6F;
				ENABLE_PREVIEWS = YES;
				GENERATE_INFOPLIST_FILE = YES;
				INFOPLIST_KEY_CFBundleDisplayName = CoinInfo;
				INFOPLIST_KEY_LSApplicationCategoryType = "public.app-category.reference";
				INFOPLIST_KEY_UIApplicationSceneManifest_Generation = YES;
				INFOPLIST_KEY_UIApplicationSupportsIndirectInputEvents = YES;
				INFOPLIST_KEY_UILaunchScreen_Generation = YES;
				INFOPLIST_KEY_UISupportedInterfaceOrientations_iPad = "UIInterfaceOrientationPortrait UIInterfaceOrientationPortraitUpsideDown UIInterfaceOrientationLandscapeLeft UIInterfaceOrientationLandscapeRight";
				INFOPLIST_KEY_UISupportedInterfaceOrientations_iPhone = "UIInterfaceOrientationPortrait UIInterfaceOrientationLandscapeLeft UIInterfaceOrientationLandscapeRight";
				LD_RUNPATH_SEARCH_PATHS = (
					"$(inherited)",
					"@executable_path/Frameworks",
				);
				MARKETING_VERSION = 1.0;
				PRODUCT_BUNDLE_IDENTIFIER = me.lewis.danielle.NetworkingTutorial;
				PRODUCT_NAME = "$(TARGET_NAME)";
				SWIFT_EMIT_LOC_STRINGS = YES;
				SWIFT_VERSION = 5.0;
				TARGETED_DEVICE_FAMILY = "1,2";
			};
			name = Release;
		};
		71FFDDFE2AF96E79003491BC /* Debug */ = {
			isa = XCBuildConfiguration;
			buildSettings = {
				BUNDLE_LOADER = "$(TEST_HOST)";
				CODE_SIGN_STYLE = Automatic;
				CURRENT_PROJECT_VERSION = 1;
				DEVELOPMENT_TEAM = 7VM5MRXF6F;
				GENERATE_INFOPLIST_FILE = YES;
				MARKETING_VERSION = 1.0;
				PRODUCT_BUNDLE_IDENTIFIER = me.lewis.danielle.NetworkingTutorialTests;
				PRODUCT_NAME = "$(TARGET_NAME)";
				SWIFT_EMIT_LOC_STRINGS = NO;
				SWIFT_VERSION = 5.0;
				TARGETED_DEVICE_FAMILY = "1,2";
				TEST_HOST = "$(BUILT_PRODUCTS_DIR)/CoinInfo.app/$(BUNDLE_EXECUTABLE_FOLDER_PATH)/CoinInfo";
			};
			name = Debug;
		};
		71FFDDFF2AF96E79003491BC /* Release */ = {
			isa = XCBuildConfiguration;
			buildSettings = {
				BUNDLE_LOADER = "$(TEST_HOST)";
				CODE_SIGN_STYLE = Automatic;
				CURRENT_PROJECT_VERSION = 1;
				DEVELOPMENT_TEAM = 7VM5MRXF6F;
				GENERATE_INFOPLIST_FILE = YES;
				MARKETING_VERSION = 1.0;
				PRODUCT_BUNDLE_IDENTIFIER = me.lewis.danielle.NetworkingTutorialTests;
				PRODUCT_NAME = "$(TARGET_NAME)";
				SWIFT_EMIT_LOC_STRINGS = NO;
				SWIFT_VERSION = 5.0;
				TARGETED_DEVICE_FAMILY = "1,2";
				TEST_HOST = "$(BUILT_PRODUCTS_DIR)/CoinInfo.app/$(BUNDLE_EXECUTABLE_FOLDER_PATH)/CoinInfo";
			};
			name = Release;
		};
/* End XCBuildConfiguration section */

/* Begin XCConfigurationList section */
		714E235B2AEA10840082DC0C /* Build configuration list for PBXProject "CoinInfo" */ = {
			isa = XCConfigurationList;
			buildConfigurations = (
				714E236C2AEA10880082DC0C /* Debug */,
				714E236D2AEA10880082DC0C /* Release */,
			);
			defaultConfigurationIsVisible = 0;
			defaultConfigurationName = Release;
		};
		714E236E2AEA10880082DC0C /* Build configuration list for PBXNativeTarget "CoinInfo" */ = {
			isa = XCConfigurationList;
			buildConfigurations = (
				714E236F2AEA10880082DC0C /* Debug */,
				714E23702AEA10880082DC0C /* Release */,
			);
			defaultConfigurationIsVisible = 0;
			defaultConfigurationName = Release;
		};
		71FFDE002AF96E79003491BC /* Build configuration list for PBXNativeTarget "CoinInfoTests" */ = {
			isa = XCConfigurationList;
			buildConfigurations = (
				71FFDDFE2AF96E79003491BC /* Debug */,
				71FFDDFF2AF96E79003491BC /* Release */,
			);
			defaultConfigurationIsVisible = 0;
			defaultConfigurationName = Release;
		};
/* End XCConfigurationList section */
	};
	rootObject = 714E23582AEA10840082DC0C /* Project object */;
}
