// !$*UTF8*$!
{
	archiveVersion = 1;
	classes = {
	};
	objectVersion = 56;
	objects = {

/* Begin PBXBuildFile section */
		714E23642AEA10840082DC0C /* NetworkingTutorialApp.swift in Sources */ = {isa = PBXBuildFile; fileRef = 714E23632AEA10840082DC0C /* NetworkingTutorialApp.swift */; };
		714E23662AEA10840082DC0C /* ContentView.swift in Sources */ = {isa = PBXBuildFile; fileRef = 714E23652AEA10840082DC0C /* ContentView.swift */; };
		714E23682AEA10880082DC0C /* Assets.xcassets in Resources */ = {isa = PBXBuildFile; fileRef = 714E23672AEA10880082DC0C /* Assets.xcassets */; };
		714E236B2AEA10880082DC0C /* Preview Assets.xcassets in Resources */ = {isa = PBXBuildFile; fileRef = 714E236A2AEA10880082DC0C /* Preview Assets.xcassets */; };
		714E23792AEA14C10082DC0C /* CoinsViewModel.swift in Sources */ = {isa = PBXBuildFile; fileRef = 714E23782AEA14C10082DC0C /* CoinsViewModel.swift */; };
		714E237C2AEAF3BB0082DC0C /* CoinDataService.swift in Sources */ = {isa = PBXBuildFile; fileRef = 714E237B2AEAF3BB0082DC0C /* CoinDataService.swift */; };
		714E237E2AEB07460082DC0C /* Coin.swift in Sources */ = {isa = PBXBuildFile; fileRef = 714E237D2AEB07460082DC0C /* Coin.swift */; };
		714E23802AEB1BB60082DC0C /* CoinAPIError.swift in Sources */ = {isa = PBXBuildFile; fileRef = 714E237F2AEB1BB50082DC0C /* CoinAPIError.swift */; };
		714E23842AEB546D0082DC0C /* CoinDetailsView.swift in Sources */ = {isa = PBXBuildFile; fileRef = 714E23832AEB546D0082DC0C /* CoinDetailsView.swift */; };
		714E23872AEB56E40082DC0C /* CoinDetails.swift in Sources */ = {isa = PBXBuildFile; fileRef = 714E23862AEB56E40082DC0C /* CoinDetails.swift */; };
		714E238A2AEB5C970082DC0C /* CoinDetailsViewModel.swift in Sources */ = {isa = PBXBuildFile; fileRef = 714E23892AEB5C970082DC0C /* CoinDetailsViewModel.swift */; };
		714E238E2AEC11140082DC0C /* HTTPDataDownloader.swift in Sources */ = {isa = PBXBuildFile; fileRef = 714E238D2AEC11140082DC0C /* HTTPDataDownloader.swift */; };
		715389CF2AF058E2004CC14D /* CoinDetailsCache.swift in Sources */ = {isa = PBXBuildFile; fileRef = 715389CE2AF058E2004CC14D /* CoinDetailsCache.swift */; };
		71538A242AF5AE0E004CC14D /* MockCoinService.swift in Sources */ = {isa = PBXBuildFile; fileRef = 71538A232AF5AE0E004CC14D /* MockCoinService.swift */; };
		71FFDDFB2AF96E79003491BC /* NetworkingTutorialTests.swift in Sources */ = {isa = PBXBuildFile; fileRef = 71FFDDFA2AF96E79003491BC /* NetworkingTutorialTests.swift */; };
		71FFDE022AF98048003491BC /* TestData.swift in Sources */ = {isa = PBXBuildFile; fileRef = 71FFDE012AF98048003491BC /* TestData.swift */; };
		71FFDE042AF98906003491BC /* CoinsViewModelTests.swift in Sources */ = {isa = PBXBuildFile; fileRef = 71FFDE032AF98906003491BC /* CoinsViewModelTests.swift */; };
		71FFDE052AF98CCB003491BC /* TestData.swift in Sources */ = {isa = PBXBuildFile; fileRef = 71FFDE012AF98048003491BC /* TestData.swift */; };
		71FFDE082AF9A262003491BC /* ImageLoader.swift in Sources */ = {isa = PBXBuildFile; fileRef = 71FFDE072AF9A262003491BC /* ImageLoader.swift */; };
		71FFDE0A2AF9A26A003491BC /* ImageCache.swift in Sources */ = {isa = PBXBuildFile; fileRef = 71FFDE092AF9A26A003491BC /* ImageCache.swift */; };
		71FFDE0C2AF9A272003491BC /* CoinImageView.swift in Sources */ = {isa = PBXBuildFile; fileRef = 71FFDE0B2AF9A272003491BC /* CoinImageView.swift */; };
/* End PBXBuildFile section */

/* Begin PBXContainerItemProxy section */
		71FFDDFC2AF96E79003491BC /* PBXContainerItemProxy */ = {
			isa = PBXContainerItemProxy;
			containerPortal = 714E23582AEA10840082DC0C /* Project object */;
			proxyType = 1;
			remoteGlobalIDString = 714E235F2AEA10840082DC0C;
			remoteInfo = NetworkingTutorial;
		};
/* End PBXContainerItemProxy section */

/* Begin PBXFileReference section */
		714E23602AEA10840082DC0C /* NetworkingTutorial.app */ = {isa = PBXFileReference; explicitFileType = wrapper.application; includeInIndex = 0; path = NetworkingTutorial.app; sourceTree = BUILT_PRODUCTS_DIR; };
		714E23632AEA10840082DC0C /* NetworkingTutorialApp.swift */ = {isa = PBXFileReference; lastKnownFileType = sourcecode.swift; path = NetworkingTutorialApp.swift; sourceTree = "<group>"; };
		714E23652AEA10840082DC0C /* ContentView.swift */ = {isa = PBXFileReference; lastKnownFileType = sourcecode.swift; path = ContentView.swift; sourceTree = "<group>"; };
		714E23672AEA10880082DC0C /* Assets.xcassets */ = {isa = PBXFileReference; lastKnownFileType = folder.assetcatalog; path = Assets.xcassets; sourceTree = "<group>"; };
		714E236A2AEA10880082DC0C /* Preview Assets.xcassets */ = {isa = PBXFileReference; lastKnownFileType = folder.assetcatalog; path = "Preview Assets.xcassets"; sourceTree = "<group>"; };
		714E23782AEA14C10082DC0C /* CoinsViewModel.swift */ = {isa = PBXFileReference; lastKnownFileType = sourcecode.swift; path = CoinsViewModel.swift; sourceTree = "<group>"; };
		714E237B2AEAF3BB0082DC0C /* CoinDataService.swift */ = {isa = PBXFileReference; lastKnownFileType = sourcecode.swift; path = CoinDataService.swift; sourceTree = "<group>"; };
		714E237D2AEB07460082DC0C /* Coin.swift */ = {isa = PBXFileReference; lastKnownFileType = sourcecode.swift; path = Coin.swift; sourceTree = "<group>"; };
		714E237F2AEB1BB50082DC0C /* CoinAPIError.swift */ = {isa = PBXFileReference; lastKnownFileType = sourcecode.swift; path = CoinAPIError.swift; sourceTree = "<group>"; };
		714E23832AEB546D0082DC0C /* CoinDetailsView.swift */ = {isa = PBXFileReference; lastKnownFileType = sourcecode.swift; path = CoinDetailsView.swift; sourceTree = "<group>"; };
		714E23862AEB56E40082DC0C /* CoinDetails.swift */ = {isa = PBXFileReference; lastKnownFileType = sourcecode.swift; path = CoinDetails.swift; sourceTree = "<group>"; };
		714E23892AEB5C970082DC0C /* CoinDetailsViewModel.swift */ = {isa = PBXFileReference; lastKnownFileType = sourcecode.swift; path = CoinDetailsViewModel.swift; sourceTree = "<group>"; };
		714E238D2AEC11140082DC0C /* HTTPDataDownloader.swift */ = {isa = PBXFileReference; lastKnownFileType = sourcecode.swift; path = HTTPDataDownloader.swift; sourceTree = "<group>"; };
		715389CE2AF058E2004CC14D /* CoinDetailsCache.swift */ = {isa = PBXFileReference; lastKnownFileType = sourcecode.swift; path = CoinDetailsCache.swift; sourceTree = "<group>"; };
		71538A232AF5AE0E004CC14D /* MockCoinService.swift */ = {isa = PBXFileReference; lastKnownFileType = sourcecode.swift; path = MockCoinService.swift; sourceTree = "<group>"; };
		71FFDDF82AF96E79003491BC /* NetworkingTutorialTests.xctest */ = {isa = PBXFileReference; explicitFileType = wrapper.cfbundle; includeInIndex = 0; path = NetworkingTutorialTests.xctest; sourceTree = BUILT_PRODUCTS_DIR; };
		71FFDDFA2AF96E79003491BC /* NetworkingTutorialTests.swift */ = {isa = PBXFileReference; lastKnownFileType = sourcecode.swift; path = NetworkingTutorialTests.swift; sourceTree = "<group>"; };
		71FFDE012AF98048003491BC /* TestData.swift */ = {isa = PBXFileReference; lastKnownFileType = sourcecode.swift; path = TestData.swift; sourceTree = "<group>"; };
		71FFDE032AF98906003491BC /* CoinsViewModelTests.swift */ = {isa = PBXFileReference; lastKnownFileType = sourcecode.swift; path = CoinsViewModelTests.swift; sourceTree = "<group>"; };
		71FFDE072AF9A262003491BC /* ImageLoader.swift */ = {isa = PBXFileReference; lastKnownFileType = sourcecode.swift; path = ImageLoader.swift; sourceTree = "<group>"; };
		71FFDE092AF9A26A003491BC /* ImageCache.swift */ = {isa = PBXFileReference; lastKnownFileType = sourcecode.swift; path = ImageCache.swift; sourceTree = "<group>"; };
		71FFDE0B2AF9A272003491BC /* CoinImageView.swift */ = {isa = PBXFileReference; lastKnownFileType = sourcecode.swift; path = CoinImageView.swift; sourceTree = "<group>"; };
/* End PBXFileReference section */

/* Begin PBXFrameworksBuildPhase section */
		714E235D2AEA10840082DC0C /* Frameworks */ = {
			isa = PBXFrameworksBuildPhase;
			buildActionMask = 2147483647;
			files = (
			);
			runOnlyForDeploymentPostprocessing = 0;
		};
		71FFDDF52AF96E79003491BC /* Frameworks */ = {
			isa = PBXFrameworksBuildPhase;
			buildActionMask = 2147483647;
			files = (
			);
			runOnlyForDeploymentPostprocessing = 0;
		};
/* End PBXFrameworksBuildPhase section */

/* Begin PBXGroup section */
		714E23572AEA10840082DC0C = {
			isa = PBXGroup;
			children = (
				714E23622AEA10840082DC0C /* NetworkingTutorial */,
				71FFDDF92AF96E79003491BC /* NetworkingTutorialTests */,
				714E23612AEA10840082DC0C /* Products */,
			);
			sourceTree = "<group>";
		};
		714E23612AEA10840082DC0C /* Products */ = {
			isa = PBXGroup;
			children = (
				714E23602AEA10840082DC0C /* NetworkingTutorial.app */,
				71FFDDF82AF96E79003491BC /* NetworkingTutorialTests.xctest */,
			);
			name = Products;
			sourceTree = "<group>";
		};
		714E23622AEA10840082DC0C /* NetworkingTutorial */ = {
			isa = PBXGroup;
			children = (
				714E238B2AEC11030082DC0C /* Shared */,
				714E23722AEA11FE0082DC0C /* Core */,
				714E23712AEA11EA0082DC0C /* App */,
				714E23672AEA10880082DC0C /* Assets.xcassets */,
				714E23692AEA10880082DC0C /* Preview Content */,
			);
			path = NetworkingTutorial;
			sourceTree = "<group>";
		};
		714E23692AEA10880082DC0C /* Preview Content */ = {
			isa = PBXGroup;
			children = (
				714E236A2AEA10880082DC0C /* Preview Assets.xcassets */,
			);
			path = "Preview Content";
			sourceTree = "<group>";
		};
		714E23712AEA11EA0082DC0C /* App */ = {
			isa = PBXGroup;
			children = (
				714E23632AEA10840082DC0C /* NetworkingTutorialApp.swift */,
			);
			path = App;
			sourceTree = "<group>";
		};
		714E23722AEA11FE0082DC0C /* Core */ = {
			isa = PBXGroup;
			children = (
				714E237A2AEAF3AB0082DC0C /* Service */,
				714E23812AEB54500082DC0C /* CoinDetails */,
				714E23742AEA122E0082DC0C /* AllCoins */,
			);
			path = Core;
			sourceTree = "<group>";
		};
		714E23742AEA122E0082DC0C /* AllCoins */ = {
			isa = PBXGroup;
			children = (
				714E23752AEA12480082DC0C /* Model */,
				714E23762AEA124F0082DC0C /* View */,
				714E23772AEA12690082DC0C /* ViewModel */,
			);
			path = AllCoins;
			sourceTree = "<group>";
		};
		714E23752AEA12480082DC0C /* Model */ = {
			isa = PBXGroup;
			children = (
				714E237D2AEB07460082DC0C /* Coin.swift */,
				714E237F2AEB1BB50082DC0C /* CoinAPIError.swift */,
			);
			path = Model;
			sourceTree = "<group>";
		};
		714E23762AEA124F0082DC0C /* View */ = {
			isa = PBXGroup;
			children = (
				714E23652AEA10840082DC0C /* ContentView.swift */,
			);
			path = View;
			sourceTree = "<group>";
		};
		714E23772AEA12690082DC0C /* ViewModel */ = {
			isa = PBXGroup;
			children = (
				714E23782AEA14C10082DC0C /* CoinsViewModel.swift */,
			);
			path = ViewModel;
			sourceTree = "<group>";
		};
		714E237A2AEAF3AB0082DC0C /* Service */ = {
			isa = PBXGroup;
			children = (
				714E237B2AEAF3BB0082DC0C /* CoinDataService.swift */,
				71538A232AF5AE0E004CC14D /* MockCoinService.swift */,
			);
			path = Service;
			sourceTree = "<group>";
		};
		714E23812AEB54500082DC0C /* CoinDetails */ = {
			isa = PBXGroup;
			children = (
				715389CD2AF058D2004CC14D /* Cache */,
				714E23882AEB5C8B0082DC0C /* ViewModel */,
				714E23852AEB56D70082DC0C /* Model */,
				714E23822AEB545A0082DC0C /* Views */,
			);
			path = CoinDetails;
			sourceTree = "<group>";
		};
		714E23822AEB545A0082DC0C /* Views */ = {
			isa = PBXGroup;
			children = (
				714E23832AEB546D0082DC0C /* CoinDetailsView.swift */,
			);
			path = Views;
			sourceTree = "<group>";
		};
		714E23852AEB56D70082DC0C /* Model */ = {
			isa = PBXGroup;
			children = (
				714E23862AEB56E40082DC0C /* CoinDetails.swift */,
			);
			path = Model;
			sourceTree = "<group>";
		};
		714E23882AEB5C8B0082DC0C /* ViewModel */ = {
			isa = PBXGroup;
			children = (
				714E23892AEB5C970082DC0C /* CoinDetailsViewModel.swift */,
			);
			path = ViewModel;
			sourceTree = "<group>";
		};
		714E238B2AEC11030082DC0C /* Shared */ = {
			isa = PBXGroup;
			children = (
				71FFDE062AF9A25B003491BC /* Images */,
				714E238C2AEC11090082DC0C /* API */,
			);
			path = Shared;
			sourceTree = "<group>";
		};
		714E238C2AEC11090082DC0C /* API */ = {
			isa = PBXGroup;
			children = (
				714E238D2AEC11140082DC0C /* HTTPDataDownloader.swift */,
			);
			path = API;
			sourceTree = "<group>";
		};
		715389CD2AF058D2004CC14D /* Cache */ = {
			isa = PBXGroup;
			children = (
				715389CE2AF058E2004CC14D /* CoinDetailsCache.swift */,
			);
			path = Cache;
			sourceTree = "<group>";
		};
		71FFDDF92AF96E79003491BC /* NetworkingTutorialTests */ = {
			isa = PBXGroup;
			children = (
				71FFDDFA2AF96E79003491BC /* NetworkingTutorialTests.swift */,
				71FFDE012AF98048003491BC /* TestData.swift */,
				71FFDE032AF98906003491BC /* CoinsViewModelTests.swift */,
			);
			path = NetworkingTutorialTests;
			sourceTree = "<group>";
		};
		71FFDE062AF9A25B003491BC /* Images */ = {
			isa = PBXGroup;
			children = (
				71FFDE072AF9A262003491BC /* ImageLoader.swift */,
				71FFDE092AF9A26A003491BC /* ImageCache.swift */,
				71FFDE0B2AF9A272003491BC /* CoinImageView.swift */,
			);
			path = Images;
			sourceTree = "<group>";
		};
/* End PBXGroup section */

/* Begin PBXNativeTarget section */
		714E235F2AEA10840082DC0C /* NetworkingTutorial */ = {
			isa = PBXNativeTarget;
			buildConfigurationList = 714E236E2AEA10880082DC0C /* Build configuration list for PBXNativeTarget "NetworkingTutorial" */;
			buildPhases = (
				714E235C2AEA10840082DC0C /* Sources */,
				714E235D2AEA10840082DC0C /* Frameworks */,
				714E235E2AEA10840082DC0C /* Resources */,
			);
			buildRules = (
			);
			dependencies = (
			);
			name = NetworkingTutorial;
			productName = NetworkingTutorial;
			productReference = 714E23602AEA10840082DC0C /* NetworkingTutorial.app */;
			productType = "com.apple.product-type.application";
		};
		71FFDDF72AF96E79003491BC /* NetworkingTutorialTests */ = {
			isa = PBXNativeTarget;
			buildConfigurationList = 71FFDE002AF96E79003491BC /* Build configuration list for PBXNativeTarget "NetworkingTutorialTests" */;
			buildPhases = (
				71FFDDF42AF96E79003491BC /* Sources */,
				71FFDDF52AF96E79003491BC /* Frameworks */,
				71FFDDF62AF96E79003491BC /* Resources */,
			);
			buildRules = (
			);
			dependencies = (
				71FFDDFD2AF96E79003491BC /* PBXTargetDependency */,
			);
			name = NetworkingTutorialTests;
			productName = NetworkingTutorialTests;
			productReference = 71FFDDF82AF96E79003491BC /* NetworkingTutorialTests.xctest */;
			productType = "com.apple.product-type.bundle.unit-test";
		};
/* End PBXNativeTarget section */

/* Begin PBXProject section */
		714E23582AEA10840082DC0C /* Project object */ = {
			isa = PBXProject;
			attributes = {
				BuildIndependentTargetsInParallel = 1;
				LastSwiftUpdateCheck = 1500;
				LastUpgradeCheck = 1500;
				TargetAttributes = {
					714E235F2AEA10840082DC0C = {
						CreatedOnToolsVersion = 15.0.1;
					};
					71FFDDF72AF96E79003491BC = {
						CreatedOnToolsVersion = 15.0.1;
						TestTargetID = 714E235F2AEA10840082DC0C;
					};
				};
			};
			buildConfigurationList = 714E235B2AEA10840082DC0C /* Build configuration list for PBXProject "NetworkingTutorial" */;
			compatibilityVersion = "Xcode 14.0";
			developmentRegion = en;
			hasScannedForEncodings = 0;
			knownRegions = (
				en,
				Base,
			);
			mainGroup = 714E23572AEA10840082DC0C;
			productRefGroup = 714E23612AEA10840082DC0C /* Products */;
			projectDirPath = "";
			projectRoot = "";
			targets = (
				714E235F2AEA10840082DC0C /* NetworkingTutorial */,
				71FFDDF72AF96E79003491BC /* NetworkingTutorialTests */,
			);
		};
/* End PBXProject section */

/* Begin PBXResourcesBuildPhase section */
		714E235E2AEA10840082DC0C /* Resources */ = {
			isa = PBXResourcesBuildPhase;
			buildActionMask = 2147483647;
			files = (
				714E236B2AEA10880082DC0C /* Preview Assets.xcassets in Resources */,
				714E23682AEA10880082DC0C /* Assets.xcassets in Resources */,
			);
			runOnlyForDeploymentPostprocessing = 0;
		};
		71FFDDF62AF96E79003491BC /* Resources */ = {
			isa = PBXResourcesBuildPhase;
			buildActionMask = 2147483647;
			files = (
			);
			runOnlyForDeploymentPostprocessing = 0;
		};
/* End PBXResourcesBuildPhase section */

/* Begin PBXSourcesBuildPhase section */
		714E235C2AEA10840082DC0C /* Sources */ = {
			isa = PBXSourcesBuildPhase;
			buildActionMask = 2147483647;
			files = (
				71FFDE0A2AF9A26A003491BC /* ImageCache.swift in Sources */,
				71FFDE082AF9A262003491BC /* ImageLoader.swift in Sources */,
				71538A242AF5AE0E004CC14D /* MockCoinService.swift in Sources */,
				714E23842AEB546D0082DC0C /* CoinDetailsView.swift in Sources */,
				715389CF2AF058E2004CC14D /* CoinDetailsCache.swift in Sources */,
				71FFDE0C2AF9A272003491BC /* CoinImageView.swift in Sources */,
				714E238A2AEB5C970082DC0C /* CoinDetailsViewModel.swift in Sources */,
				71FFDE052AF98CCB003491BC /* TestData.swift in Sources */,
				714E23802AEB1BB60082DC0C /* CoinAPIError.swift in Sources */,
				714E237C2AEAF3BB0082DC0C /* CoinDataService.swift in Sources */,
				714E238E2AEC11140082DC0C /* HTTPDataDownloader.swift in Sources */,
				714E23872AEB56E40082DC0C /* CoinDetails.swift in Sources */,
				714E23662AEA10840082DC0C /* ContentView.swift in Sources */,
				714E23792AEA14C10082DC0C /* CoinsViewModel.swift in Sources */,
				714E237E2AEB07460082DC0C /* Coin.swift in Sources */,
				714E23642AEA10840082DC0C /* NetworkingTutorialApp.swift in Sources */,
			);
			runOnlyForDeploymentPostprocessing = 0;
		};
		71FFDDF42AF96E79003491BC /* Sources */ = {
			isa = PBXSourcesBuildPhase;
			buildActionMask = 2147483647;
			files = (
				71FFDE042AF98906003491BC /* CoinsViewModelTests.swift in Sources */,
				71FFDDFB2AF96E79003491BC /* NetworkingTutorialTests.swift in Sources */,
				71FFDE022AF98048003491BC /* TestData.swift in Sources */,
			);
			runOnlyForDeploymentPostprocessing = 0;
		};
/* End PBXSourcesBuildPhase section */

/* Begin PBXTargetDependency section */
		71FFDDFD2AF96E79003491BC /* PBXTargetDependency */ = {
			isa = PBXTargetDependency;
			target = 714E235F2AEA10840082DC0C /* NetworkingTutorial */;
			targetProxy = 71FFDDFC2AF96E79003491BC /* PBXContainerItemProxy */;
		};
/* End PBXTargetDependency section */

/* Begin XCBuildConfiguration section */
		714E236C2AEA10880082DC0C /* Debug */ = {
			isa = XCBuildConfiguration;
			buildSettings = {
				ALWAYS_SEARCH_USER_PATHS = NO;
				ASSETCATALOG_COMPILER_GENERATE_SWIFT_ASSET_SYMBOL_EXTENSIONS = YES;
				CLANG_ANALYZER_NONNULL = YES;
				CLANG_ANALYZER_NUMBER_OBJECT_CONVERSION = YES_AGGRESSIVE;
				CLANG_CXX_LANGUAGE_STANDARD = "gnu++20";
				CLANG_ENABLE_MODULES = YES;
				CLANG_ENABLE_OBJC_ARC = YES;
				CLANG_ENABLE_OBJC_WEAK = YES;
				CLANG_WARN_BLOCK_CAPTURE_AUTORELEASING = YES;
				CLANG_WARN_BOOL_CONVERSION = YES;
				CLANG_WARN_COMMA = YES;
				CLANG_WARN_CONSTANT_CONVERSION = YES;
				CLANG_WARN_DEPRECATED_OBJC_IMPLEMENTATIONS = YES;
				CLANG_WARN_DIRECT_OBJC_ISA_USAGE = YES_ERROR;
				CLANG_WARN_DOCUMENTATION_COMMENTS = YES;
				CLANG_WARN_EMPTY_BODY = YES;
				CLANG_WARN_ENUM_CONVERSION = YES;
				CLANG_WARN_INFINITE_RECURSION = YES;
				CLANG_WARN_INT_CONVERSION = YES;
				CLANG_WARN_NON_LITERAL_NULL_CONVERSION = YES;
				CLANG_WARN_OBJC_IMPLICIT_RETAIN_SELF = YES;
				CLANG_WARN_OBJC_LITERAL_CONVERSION = YES;
				CLANG_WARN_OBJC_ROOT_CLASS = YES_ERROR;
				CLANG_WARN_QUOTED_INCLUDE_IN_FRAMEWORK_HEADER = YES;
				CLANG_WARN_RANGE_LOOP_ANALYSIS = YES;
				CLANG_WARN_STRICT_PROTOTYPES = YES;
				CLANG_WARN_SUSPICIOUS_MOVE = YES;
				CLANG_WARN_UNGUARDED_AVAILABILITY = YES_AGGRESSIVE;
				CLANG_WARN_UNREACHABLE_CODE = YES;
				CLANG_WARN__DUPLICATE_METHOD_MATCH = YES;
				COPY_PHASE_STRIP = NO;
				DEBUG_INFORMATION_FORMAT = dwarf;
				ENABLE_STRICT_OBJC_MSGSEND = YES;
				ENABLE_TESTABILITY = YES;
				ENABLE_USER_SCRIPT_SANDBOXING = YES;
				GCC_C_LANGUAGE_STANDARD = gnu17;
				GCC_DYNAMIC_NO_PIC = NO;
				GCC_NO_COMMON_BLOCKS = YES;
				GCC_OPTIMIZATION_LEVEL = 0;
				GCC_PREPROCESSOR_DEFINITIONS = (
					"DEBUG=1",
					"$(inherited)",
				);
				GCC_WARN_64_TO_32_BIT_CONVERSION = YES;
				GCC_WARN_ABOUT_RETURN_TYPE = YES_ERROR;
				GCC_WARN_UNDECLARED_SELECTOR = YES;
				GCC_WARN_UNINITIALIZED_AUTOS = YES_AGGRESSIVE;
				GCC_WARN_UNUSED_FUNCTION = YES;
				GCC_WARN_UNUSED_VARIABLE = YES;
				IPHONEOS_DEPLOYMENT_TARGET = 17.0;
				LOCALIZATION_PREFERS_STRING_CATALOGS = YES;
				MTL_ENABLE_DEBUG_INFO = INCLUDE_SOURCE;
				MTL_FAST_MATH = YES;
				ONLY_ACTIVE_ARCH = YES;
				SDKROOT = iphoneos;
				SWIFT_ACTIVE_COMPILATION_CONDITIONS = "DEBUG $(inherited)";
				SWIFT_OPTIMIZATION_LEVEL = "-Onone";
			};
			name = Debug;
		};
		714E236D2AEA10880082DC0C /* Release */ = {
			isa = XCBuildConfiguration;
			buildSettings = {
				ALWAYS_SEARCH_USER_PATHS = NO;
				ASSETCATALOG_COMPILER_GENERATE_SWIFT_ASSET_SYMBOL_EXTENSIONS = YES;
				CLANG_ANALYZER_NONNULL = YES;
				CLANG_ANALYZER_NUMBER_OBJECT_CONVERSION = YES_AGGRESSIVE;
				CLANG_CXX_LANGUAGE_STANDARD = "gnu++20";
				CLANG_ENABLE_MODULES = YES;
				CLANG_ENABLE_OBJC_ARC = YES;
				CLANG_ENABLE_OBJC_WEAK = YES;
				CLANG_WARN_BLOCK_CAPTURE_AUTORELEASING = YES;
				CLANG_WARN_BOOL_CONVERSION = YES;
				CLANG_WARN_COMMA = YES;
				CLANG_WARN_CONSTANT_CONVERSION = YES;
				CLANG_WARN_DEPRECATED_OBJC_IMPLEMENTATIONS = YES;
				CLANG_WARN_DIRECT_OBJC_ISA_USAGE = YES_ERROR;
				CLANG_WARN_DOCUMENTATION_COMMENTS = YES;
				CLANG_WARN_EMPTY_BODY = YES;
				CLANG_WARN_ENUM_CONVERSION = YES;
				CLANG_WARN_INFINITE_RECURSION = YES;
				CLANG_WARN_INT_CONVERSION = YES;
				CLANG_WARN_NON_LITERAL_NULL_CONVERSION = YES;
				CLANG_WARN_OBJC_IMPLICIT_RETAIN_SELF = YES;
				CLANG_WARN_OBJC_LITERAL_CONVERSION = YES;
				CLANG_WARN_OBJC_ROOT_CLASS = YES_ERROR;
				CLANG_WARN_QUOTED_INCLUDE_IN_FRAMEWORK_HEADER = YES;
				CLANG_WARN_RANGE_LOOP_ANALYSIS = YES;
				CLANG_WARN_STRICT_PROTOTYPES = YES;
				CLANG_WARN_SUSPICIOUS_MOVE = YES;
				CLANG_WARN_UNGUARDED_AVAILABILITY = YES_AGGRESSIVE;
				CLANG_WARN_UNREACHABLE_CODE = YES;
				CLANG_WARN__DUPLICATE_METHOD_MATCH = YES;
				COPY_PHASE_STRIP = NO;
				DEBUG_INFORMATION_FORMAT = "dwarf-with-dsym";
				ENABLE_NS_ASSERTIONS = NO;
				ENABLE_STRICT_OBJC_MSGSEND = YES;
				ENABLE_USER_SCRIPT_SANDBOXING = YES;
				GCC_C_LANGUAGE_STANDARD = gnu17;
				GCC_NO_COMMON_BLOCKS = YES;
				GCC_WARN_64_TO_32_BIT_CONVERSION = YES;
				GCC_WARN_ABOUT_RETURN_TYPE = YES_ERROR;
				GCC_WARN_UNDECLARED_SELECTOR = YES;
				GCC_WARN_UNINITIALIZED_AUTOS = YES_AGGRESSIVE;
				GCC_WARN_UNUSED_FUNCTION = YES;
				GCC_WARN_UNUSED_VARIABLE = YES;
				IPHONEOS_DEPLOYMENT_TARGET = 17.0;
				LOCALIZATION_PREFERS_STRING_CATALOGS = YES;
				MTL_ENABLE_DEBUG_INFO = NO;
				MTL_FAST_MATH = YES;
				SDKROOT = iphoneos;
				SWIFT_COMPILATION_MODE = wholemodule;
				VALIDATE_PRODUCT = YES;
			};
			name = Release;
		};
		714E236F2AEA10880082DC0C /* Debug */ = {
			isa = XCBuildConfiguration;
			buildSettings = {
				ASSETCATALOG_COMPILER_APPICON_NAME = AppIcon;
				ASSETCATALOG_COMPILER_GLOBAL_ACCENT_COLOR_NAME = AccentColor;
				CODE_SIGN_STYLE = Automatic;
				CURRENT_PROJECT_VERSION = 1;
				DEVELOPMENT_ASSET_PATHS = "\"NetworkingTutorial/Preview Content\"";
				DEVELOPMENT_TEAM = 7VM5MRXF6F;
				ENABLE_PREVIEWS = YES;
				GENERATE_INFOPLIST_FILE = YES;
				INFOPLIST_KEY_UIApplicationSceneManifest_Generation = YES;
				INFOPLIST_KEY_UIApplicationSupportsIndirectInputEvents = YES;
				INFOPLIST_KEY_UILaunchScreen_Generation = YES;
				INFOPLIST_KEY_UISupportedInterfaceOrientations_iPad = "UIInterfaceOrientationPortrait UIInterfaceOrientationPortraitUpsideDown UIInterfaceOrientationLandscapeLeft UIInterfaceOrientationLandscapeRight";
				INFOPLIST_KEY_UISupportedInterfaceOrientations_iPhone = "UIInterfaceOrientationPortrait UIInterfaceOrientationLandscapeLeft UIInterfaceOrientationLandscapeRight";
				LD_RUNPATH_SEARCH_PATHS = (
					"$(inherited)",
					"@executable_path/Frameworks",
				);
				MARKETING_VERSION = 1.0;
				PRODUCT_BUNDLE_IDENTIFIER = me.lewis.danielle.NetworkingTutorial;
				PRODUCT_NAME = "$(TARGET_NAME)";
				SWIFT_EMIT_LOC_STRINGS = YES;
				SWIFT_VERSION = 5.0;
				TARGETED_DEVICE_FAMILY = "1,2";
			};
			name = Debug;
		};
		714E23702AEA10880082DC0C /* Release */ = {
			isa = XCBuildConfiguration;
			buildSettings = {
				ASSETCATALOG_COMPILER_APPICON_NAME = AppIcon;
				ASSETCATALOG_COMPILER_GLOBAL_ACCENT_COLOR_NAME = AccentColor;
				CODE_SIGN_STYLE = Automatic;
				CURRENT_PROJECT_VERSION = 1;
				DEVELOPMENT_ASSET_PATHS = "\"NetworkingTutorial/Preview Content\"";
				DEVELOPMENT_TEAM = 7VM5MRXF6F;
				ENABLE_PREVIEWS = YES;
				GENERATE_INFOPLIST_FILE = YES;
				INFOPLIST_KEY_UIApplicationSceneManifest_Generation = YES;
				INFOPLIST_KEY_UIApplicationSupportsIndirectInputEvents = YES;
				INFOPLIST_KEY_UILaunchScreen_Generation = YES;
				INFOPLIST_KEY_UISupportedInterfaceOrientations_iPad = "UIInterfaceOrientationPortrait UIInterfaceOrientationPortraitUpsideDown UIInterfaceOrientationLandscapeLeft UIInterfaceOrientationLandscapeRight";
				INFOPLIST_KEY_UISupportedInterfaceOrientations_iPhone = "UIInterfaceOrientationPortrait UIInterfaceOrientationLandscapeLeft UIInterfaceOrientationLandscapeRight";
				LD_RUNPATH_SEARCH_PATHS = (
					"$(inherited)",
					"@executable_path/Frameworks",
				);
				MARKETING_VERSION = 1.0;
				PRODUCT_BUNDLE_IDENTIFIER = me.lewis.danielle.NetworkingTutorial;
				PRODUCT_NAME = "$(TARGET_NAME)";
				SWIFT_EMIT_LOC_STRINGS = YES;
				SWIFT_VERSION = 5.0;
				TARGETED_DEVICE_FAMILY = "1,2";
			};
			name = Release;
		};
		71FFDDFE2AF96E79003491BC /* Debug */ = {
			isa = XCBuildConfiguration;
			buildSettings = {
				BUNDLE_LOADER = "$(TEST_HOST)";
				CODE_SIGN_STYLE = Automatic;
				CURRENT_PROJECT_VERSION = 1;
				DEVELOPMENT_TEAM = 7VM5MRXF6F;
				GENERATE_INFOPLIST_FILE = YES;
				MARKETING_VERSION = 1.0;
				PRODUCT_BUNDLE_IDENTIFIER = me.lewis.danielle.NetworkingTutorialTests;
				PRODUCT_NAME = "$(TARGET_NAME)";
				SWIFT_EMIT_LOC_STRINGS = NO;
				SWIFT_VERSION = 5.0;
				TARGETED_DEVICE_FAMILY = "1,2";
				TEST_HOST = "$(BUILT_PRODUCTS_DIR)/NetworkingTutorial.app/$(BUNDLE_EXECUTABLE_FOLDER_PATH)/NetworkingTutorial";
			};
			name = Debug;
		};
		71FFDDFF2AF96E79003491BC /* Release */ = {
			isa = XCBuildConfiguration;
			buildSettings = {
				BUNDLE_LOADER = "$(TEST_HOST)";
				CODE_SIGN_STYLE = Automatic;
				CURRENT_PROJECT_VERSION = 1;
				DEVELOPMENT_TEAM = 7VM5MRXF6F;
				GENERATE_INFOPLIST_FILE = YES;
				MARKETING_VERSION = 1.0;
				PRODUCT_BUNDLE_IDENTIFIER = me.lewis.danielle.NetworkingTutorialTests;
				PRODUCT_NAME = "$(TARGET_NAME)";
				SWIFT_EMIT_LOC_STRINGS = NO;
				SWIFT_VERSION = 5.0;
				TARGETED_DEVICE_FAMILY = "1,2";
				TEST_HOST = "$(BUILT_PRODUCTS_DIR)/NetworkingTutorial.app/$(BUNDLE_EXECUTABLE_FOLDER_PATH)/NetworkingTutorial";
			};
			name = Release;
		};
/* End XCBuildConfiguration section */

/* Begin XCConfigurationList section */
		714E235B2AEA10840082DC0C /* Build configuration list for PBXProject "NetworkingTutorial" */ = {
			isa = XCConfigurationList;
			buildConfigurations = (
				714E236C2AEA10880082DC0C /* Debug */,
				714E236D2AEA10880082DC0C /* Release */,
			);
			defaultConfigurationIsVisible = 0;
			defaultConfigurationName = Release;
		};
		714E236E2AEA10880082DC0C /* Build configuration list for PBXNativeTarget "NetworkingTutorial" */ = {
			isa = XCConfigurationList;
			buildConfigurations = (
				714E236F2AEA10880082DC0C /* Debug */,
				714E23702AEA10880082DC0C /* Release */,
			);
			defaultConfigurationIsVisible = 0;
			defaultConfigurationName = Release;
		};
		71FFDE002AF96E79003491BC /* Build configuration list for PBXNativeTarget "NetworkingTutorialTests" */ = {
			isa = XCConfigurationList;
			buildConfigurations = (
				71FFDDFE2AF96E79003491BC /* Debug */,
				71FFDDFF2AF96E79003491BC /* Release */,
			);
			defaultConfigurationIsVisible = 0;
			defaultConfigurationName = Release;
		};
/* End XCConfigurationList section */
	};
	rootObject = 714E23582AEA10840082DC0C /* Project object */;
}
